// !$*UTF8*$!
{
	archiveVersion = 1;
	classes = {
	};
	objectVersion = 50;
	objects = {

/* Begin PBXBuildFile section */
		07AC181C9B2D3C64A8CFBF3B /* Pods_GalleryUploadExampleUITests.framework in Frameworks */ = {isa = PBXBuildFile; fileRef = 2518A20DB8116FF737931679 /* Pods_GalleryUploadExampleUITests.framework */; };
		C55B6B4580675E1544AF7D7D /* Pods_GalleryUploadExample.framework in Frameworks */ = {isa = PBXBuildFile; fileRef = 39E0BC8941F1F1F1CFA66272 /* Pods_GalleryUploadExample.framework */; };
		EC348D8F22AC34F0000C2A46 /* AppDelegate.swift in Sources */ = {isa = PBXBuildFile; fileRef = EC348D8E22AC34F0000C2A46 /* AppDelegate.swift */; };
		EC348D9122AC34F0000C2A46 /* ViewController.swift in Sources */ = {isa = PBXBuildFile; fileRef = EC348D9022AC34F0000C2A46 /* ViewController.swift */; };
		EC348D9422AC34F0000C2A46 /* Main.storyboard in Resources */ = {isa = PBXBuildFile; fileRef = EC348D9222AC34F0000C2A46 /* Main.storyboard */; };
		EC348D9622AC34F1000C2A46 /* Assets.xcassets in Resources */ = {isa = PBXBuildFile; fileRef = EC348D9522AC34F1000C2A46 /* Assets.xcassets */; };
		EC348D9922AC34F1000C2A46 /* LaunchScreen.storyboard in Resources */ = {isa = PBXBuildFile; fileRef = EC348D9722AC34F1000C2A46 /* LaunchScreen.storyboard */; };
		EC348DA422AC34F1000C2A46 /* GalleryUploadExampleTests.swift in Sources */ = {isa = PBXBuildFile; fileRef = EC348DA322AC34F1000C2A46 /* GalleryUploadExampleTests.swift */; };
		EC348DAF22AC34F1000C2A46 /* GalleryUploadExampleUITests.swift in Sources */ = {isa = PBXBuildFile; fileRef = EC348DAE22AC34F1000C2A46 /* GalleryUploadExampleUITests.swift */; };
		EC348DBD22AC3757000C2A46 /* ConnectionManager.swift in Sources */ = {isa = PBXBuildFile; fileRef = EC348DBC22AC3757000C2A46 /* ConnectionManager.swift */; };
		EC348DBF22AC4164000C2A46 /* GoogleService-Info.plist in Resources */ = {isa = PBXBuildFile; fileRef = EC348DBE22AC4164000C2A46 /* GoogleService-Info.plist */; };
		EC348DC122AC4768000C2A46 /* GalleryViewModel.swift in Sources */ = {isa = PBXBuildFile; fileRef = EC348DC022AC4768000C2A46 /* GalleryViewModel.swift */; };
		EC348DC322AC479F000C2A46 /* GalleryPickerView.swift in Sources */ = {isa = PBXBuildFile; fileRef = EC348DC222AC479F000C2A46 /* GalleryPickerView.swift */; };
		EC348DC522AC57BC000C2A46 /* GalleryViewController.swift in Sources */ = {isa = PBXBuildFile; fileRef = EC348DC422AC57BC000C2A46 /* GalleryViewController.swift */; };
		EC348DC922AC6DD2000C2A46 /* GalleryCollectionViewCell.swift in Sources */ = {isa = PBXBuildFile; fileRef = EC348DC822AC6DD2000C2A46 /* GalleryCollectionViewCell.swift */; };
		F28C0E6B73507F09B228422B /* Pods_GalleryUploadExampleTests.framework in Frameworks */ = {isa = PBXBuildFile; fileRef = F97A65BC2D2E30067A433F99 /* Pods_GalleryUploadExampleTests.framework */; };
/* End PBXBuildFile section */

/* Begin PBXContainerItemProxy section */
		EC348DA022AC34F1000C2A46 /* PBXContainerItemProxy */ = {
			isa = PBXContainerItemProxy;
			containerPortal = EC348D8322AC34F0000C2A46 /* Project object */;
			proxyType = 1;
			remoteGlobalIDString = EC348D8A22AC34F0000C2A46;
			remoteInfo = GalleryUploadExample;
		};
		EC348DAB22AC34F1000C2A46 /* PBXContainerItemProxy */ = {
			isa = PBXContainerItemProxy;
			containerPortal = EC348D8322AC34F0000C2A46 /* Project object */;
			proxyType = 1;
			remoteGlobalIDString = EC348D8A22AC34F0000C2A46;
			remoteInfo = GalleryUploadExample;
		};
/* End PBXContainerItemProxy section */

/* Begin PBXFileReference section */
		1C6CC28B2C4E82AE8FBF95C6 /* Pods-GalleryUploadExample.debug.xcconfig */ = {isa = PBXFileReference; includeInIndex = 1; lastKnownFileType = text.xcconfig; name = "Pods-GalleryUploadExample.debug.xcconfig"; path = "Pods/Target Support Files/Pods-GalleryUploadExample/Pods-GalleryUploadExample.debug.xcconfig"; sourceTree = "<group>"; };
		2518A20DB8116FF737931679 /* Pods_GalleryUploadExampleUITests.framework */ = {isa = PBXFileReference; explicitFileType = wrapper.framework; includeInIndex = 0; path = Pods_GalleryUploadExampleUITests.framework; sourceTree = BUILT_PRODUCTS_DIR; };
		39E0BC8941F1F1F1CFA66272 /* Pods_GalleryUploadExample.framework */ = {isa = PBXFileReference; explicitFileType = wrapper.framework; includeInIndex = 0; path = Pods_GalleryUploadExample.framework; sourceTree = BUILT_PRODUCTS_DIR; };
		45B107A839486C1007DDA784 /* Pods-GalleryUploadExampleTests.debug.xcconfig */ = {isa = PBXFileReference; includeInIndex = 1; lastKnownFileType = text.xcconfig; name = "Pods-GalleryUploadExampleTests.debug.xcconfig"; path = "Pods/Target Support Files/Pods-GalleryUploadExampleTests/Pods-GalleryUploadExampleTests.debug.xcconfig"; sourceTree = "<group>"; };
		9CA016BCC50C2A44BFCCD510 /* Pods-GalleryUploadExampleTests.release.xcconfig */ = {isa = PBXFileReference; includeInIndex = 1; lastKnownFileType = text.xcconfig; name = "Pods-GalleryUploadExampleTests.release.xcconfig"; path = "Pods/Target Support Files/Pods-GalleryUploadExampleTests/Pods-GalleryUploadExampleTests.release.xcconfig"; sourceTree = "<group>"; };
		9CC0911912C45BE5BE6FAB66 /* Pods-GalleryUploadExampleUITests.debug.xcconfig */ = {isa = PBXFileReference; includeInIndex = 1; lastKnownFileType = text.xcconfig; name = "Pods-GalleryUploadExampleUITests.debug.xcconfig"; path = "Pods/Target Support Files/Pods-GalleryUploadExampleUITests/Pods-GalleryUploadExampleUITests.debug.xcconfig"; sourceTree = "<group>"; };
		CE409196080D84A54236C2D8 /* Pods-GalleryUploadExampleUITests.release.xcconfig */ = {isa = PBXFileReference; includeInIndex = 1; lastKnownFileType = text.xcconfig; name = "Pods-GalleryUploadExampleUITests.release.xcconfig"; path = "Pods/Target Support Files/Pods-GalleryUploadExampleUITests/Pods-GalleryUploadExampleUITests.release.xcconfig"; sourceTree = "<group>"; };
		E4376A240E418F6F5FC17CE9 /* Pods-GalleryUploadExample.release.xcconfig */ = {isa = PBXFileReference; includeInIndex = 1; lastKnownFileType = text.xcconfig; name = "Pods-GalleryUploadExample.release.xcconfig"; path = "Pods/Target Support Files/Pods-GalleryUploadExample/Pods-GalleryUploadExample.release.xcconfig"; sourceTree = "<group>"; };
		EC348D8B22AC34F0000C2A46 /* GalleryUploadExample.app */ = {isa = PBXFileReference; explicitFileType = wrapper.application; includeInIndex = 0; path = GalleryUploadExample.app; sourceTree = BUILT_PRODUCTS_DIR; };
		EC348D8E22AC34F0000C2A46 /* AppDelegate.swift */ = {isa = PBXFileReference; lastKnownFileType = sourcecode.swift; path = AppDelegate.swift; sourceTree = "<group>"; };
		EC348D9022AC34F0000C2A46 /* ViewController.swift */ = {isa = PBXFileReference; lastKnownFileType = sourcecode.swift; path = ViewController.swift; sourceTree = "<group>"; };
		EC348D9322AC34F0000C2A46 /* Base */ = {isa = PBXFileReference; lastKnownFileType = file.storyboard; name = Base; path = Base.lproj/Main.storyboard; sourceTree = "<group>"; };
		EC348D9522AC34F1000C2A46 /* Assets.xcassets */ = {isa = PBXFileReference; lastKnownFileType = folder.assetcatalog; path = Assets.xcassets; sourceTree = "<group>"; };
		EC348D9822AC34F1000C2A46 /* Base */ = {isa = PBXFileReference; lastKnownFileType = file.storyboard; name = Base; path = Base.lproj/LaunchScreen.storyboard; sourceTree = "<group>"; };
		EC348D9A22AC34F1000C2A46 /* Info.plist */ = {isa = PBXFileReference; lastKnownFileType = text.plist.xml; path = Info.plist; sourceTree = "<group>"; };
		EC348D9F22AC34F1000C2A46 /* GalleryUploadExampleTests.xctest */ = {isa = PBXFileReference; explicitFileType = wrapper.cfbundle; includeInIndex = 0; path = GalleryUploadExampleTests.xctest; sourceTree = BUILT_PRODUCTS_DIR; };
		EC348DA322AC34F1000C2A46 /* GalleryUploadExampleTests.swift */ = {isa = PBXFileReference; lastKnownFileType = sourcecode.swift; path = GalleryUploadExampleTests.swift; sourceTree = "<group>"; };
		EC348DA522AC34F1000C2A46 /* Info.plist */ = {isa = PBXFileReference; lastKnownFileType = text.plist.xml; path = Info.plist; sourceTree = "<group>"; };
		EC348DAA22AC34F1000C2A46 /* GalleryUploadExampleUITests.xctest */ = {isa = PBXFileReference; explicitFileType = wrapper.cfbundle; includeInIndex = 0; path = GalleryUploadExampleUITests.xctest; sourceTree = BUILT_PRODUCTS_DIR; };
		EC348DAE22AC34F1000C2A46 /* GalleryUploadExampleUITests.swift */ = {isa = PBXFileReference; lastKnownFileType = sourcecode.swift; path = GalleryUploadExampleUITests.swift; sourceTree = "<group>"; };
		EC348DB022AC34F1000C2A46 /* Info.plist */ = {isa = PBXFileReference; lastKnownFileType = text.plist.xml; path = Info.plist; sourceTree = "<group>"; };
		EC348DBC22AC3757000C2A46 /* ConnectionManager.swift */ = {isa = PBXFileReference; lastKnownFileType = sourcecode.swift; path = ConnectionManager.swift; sourceTree = "<group>"; };
		EC348DBE22AC4164000C2A46 /* GoogleService-Info.plist */ = {isa = PBXFileReference; fileEncoding = 4; lastKnownFileType = text.plist.xml; path = "GoogleService-Info.plist"; sourceTree = "<group>"; };
		EC348DC022AC4768000C2A46 /* GalleryViewModel.swift */ = {isa = PBXFileReference; lastKnownFileType = sourcecode.swift; path = GalleryViewModel.swift; sourceTree = "<group>"; };
		EC348DC222AC479F000C2A46 /* GalleryPickerView.swift */ = {isa = PBXFileReference; lastKnownFileType = sourcecode.swift; path = GalleryPickerView.swift; sourceTree = "<group>"; };
		EC348DC422AC57BC000C2A46 /* GalleryViewController.swift */ = {isa = PBXFileReference; lastKnownFileType = sourcecode.swift; path = GalleryViewController.swift; sourceTree = "<group>"; };
		EC348DC822AC6DD2000C2A46 /* GalleryCollectionViewCell.swift */ = {isa = PBXFileReference; lastKnownFileType = sourcecode.swift; path = GalleryCollectionViewCell.swift; sourceTree = "<group>"; };
		F97A65BC2D2E30067A433F99 /* Pods_GalleryUploadExampleTests.framework */ = {isa = PBXFileReference; explicitFileType = wrapper.framework; includeInIndex = 0; path = Pods_GalleryUploadExampleTests.framework; sourceTree = BUILT_PRODUCTS_DIR; };
/* End PBXFileReference section */

/* Begin PBXFrameworksBuildPhase section */
		EC348D8822AC34F0000C2A46 /* Frameworks */ = {
			isa = PBXFrameworksBuildPhase;
			buildActionMask = 2147483647;
			files = (
				C55B6B4580675E1544AF7D7D /* Pods_GalleryUploadExample.framework in Frameworks */,
			);
			runOnlyForDeploymentPostprocessing = 0;
		};
		EC348D9C22AC34F1000C2A46 /* Frameworks */ = {
			isa = PBXFrameworksBuildPhase;
			buildActionMask = 2147483647;
			files = (
				F28C0E6B73507F09B228422B /* Pods_GalleryUploadExampleTests.framework in Frameworks */,
			);
			runOnlyForDeploymentPostprocessing = 0;
		};
		EC348DA722AC34F1000C2A46 /* Frameworks */ = {
			isa = PBXFrameworksBuildPhase;
			buildActionMask = 2147483647;
			files = (
				07AC181C9B2D3C64A8CFBF3B /* Pods_GalleryUploadExampleUITests.framework in Frameworks */,
			);
			runOnlyForDeploymentPostprocessing = 0;
		};
/* End PBXFrameworksBuildPhase section */

/* Begin PBXGroup section */
		935A42F337BE787D1FA5688D /* Pods */ = {
			isa = PBXGroup;
			children = (
				1C6CC28B2C4E82AE8FBF95C6 /* Pods-GalleryUploadExample.debug.xcconfig */,
				E4376A240E418F6F5FC17CE9 /* Pods-GalleryUploadExample.release.xcconfig */,
				45B107A839486C1007DDA784 /* Pods-GalleryUploadExampleTests.debug.xcconfig */,
				9CA016BCC50C2A44BFCCD510 /* Pods-GalleryUploadExampleTests.release.xcconfig */,
				9CC0911912C45BE5BE6FAB66 /* Pods-GalleryUploadExampleUITests.debug.xcconfig */,
				CE409196080D84A54236C2D8 /* Pods-GalleryUploadExampleUITests.release.xcconfig */,
			);
			name = Pods;
			sourceTree = "<group>";
		};
		A5084835621CFF5D1865910A /* Frameworks */ = {
			isa = PBXGroup;
			children = (
				39E0BC8941F1F1F1CFA66272 /* Pods_GalleryUploadExample.framework */,
				F97A65BC2D2E30067A433F99 /* Pods_GalleryUploadExampleTests.framework */,
				2518A20DB8116FF737931679 /* Pods_GalleryUploadExampleUITests.framework */,
			);
			name = Frameworks;
			sourceTree = "<group>";
		};
		EC348D8222AC34F0000C2A46 = {
			isa = PBXGroup;
			children = (
				EC348D8D22AC34F0000C2A46 /* GalleryUploadExample */,
				EC348DA222AC34F1000C2A46 /* GalleryUploadExampleTests */,
				EC348DAD22AC34F1000C2A46 /* GalleryUploadExampleUITests */,
				EC348D8C22AC34F0000C2A46 /* Products */,
				935A42F337BE787D1FA5688D /* Pods */,
				A5084835621CFF5D1865910A /* Frameworks */,
			);
			sourceTree = "<group>";
		};
		EC348D8C22AC34F0000C2A46 /* Products */ = {
			isa = PBXGroup;
			children = (
				EC348D8B22AC34F0000C2A46 /* GalleryUploadExample.app */,
				EC348D9F22AC34F1000C2A46 /* GalleryUploadExampleTests.xctest */,
				EC348DAA22AC34F1000C2A46 /* GalleryUploadExampleUITests.xctest */,
			);
			name = Products;
			sourceTree = "<group>";
		};
		EC348D8D22AC34F0000C2A46 /* GalleryUploadExample */ = {
			isa = PBXGroup;
			children = (
				EC348D8E22AC34F0000C2A46 /* AppDelegate.swift */,
				EC348D9022AC34F0000C2A46 /* ViewController.swift */,
				EC348D9222AC34F0000C2A46 /* Main.storyboard */,
				EC348D9522AC34F1000C2A46 /* Assets.xcassets */,
				EC348D9722AC34F1000C2A46 /* LaunchScreen.storyboard */,
				EC348D9A22AC34F1000C2A46 /* Info.plist */,
				EC348DBE22AC4164000C2A46 /* GoogleService-Info.plist */,
				EC348DBC22AC3757000C2A46 /* ConnectionManager.swift */,
				EC348DC022AC4768000C2A46 /* GalleryViewModel.swift */,
				EC348DC222AC479F000C2A46 /* GalleryPickerView.swift */,
				EC348DC422AC57BC000C2A46 /* GalleryViewController.swift */,
				EC348DC822AC6DD2000C2A46 /* GalleryCollectionViewCell.swift */,
			);
			path = GalleryUploadExample;
			sourceTree = "<group>";
		};
		EC348DA222AC34F1000C2A46 /* GalleryUploadExampleTests */ = {
			isa = PBXGroup;
			children = (
				EC348DA322AC34F1000C2A46 /* GalleryUploadExampleTests.swift */,
				EC348DA522AC34F1000C2A46 /* Info.plist */,
			);
			path = GalleryUploadExampleTests;
			sourceTree = "<group>";
		};
		EC348DAD22AC34F1000C2A46 /* GalleryUploadExampleUITests */ = {
			isa = PBXGroup;
			children = (
				EC348DAE22AC34F1000C2A46 /* GalleryUploadExampleUITests.swift */,
				EC348DB022AC34F1000C2A46 /* Info.plist */,
			);
			path = GalleryUploadExampleUITests;
			sourceTree = "<group>";
		};
/* End PBXGroup section */

/* Begin PBXNativeTarget section */
		EC348D8A22AC34F0000C2A46 /* GalleryUploadExample */ = {
			isa = PBXNativeTarget;
			buildConfigurationList = EC348DB322AC34F1000C2A46 /* Build configuration list for PBXNativeTarget "GalleryUploadExample" */;
			buildPhases = (
				B1E3950D03F235D146343DDC /* [CP] Check Pods Manifest.lock */,
				EC348D8722AC34F0000C2A46 /* Sources */,
				EC348D8822AC34F0000C2A46 /* Frameworks */,
				EC348D8922AC34F0000C2A46 /* Resources */,
				EB1D89DCDAD69D92933140FD /* [CP] Embed Pods Frameworks */,
			);
			buildRules = (
			);
			dependencies = (
			);
			name = GalleryUploadExample;
			productName = GalleryUploadExample;
			productReference = EC348D8B22AC34F0000C2A46 /* GalleryUploadExample.app */;
			productType = "com.apple.product-type.application";
		};
		EC348D9E22AC34F1000C2A46 /* GalleryUploadExampleTests */ = {
			isa = PBXNativeTarget;
			buildConfigurationList = EC348DB622AC34F1000C2A46 /* Build configuration list for PBXNativeTarget "GalleryUploadExampleTests" */;
			buildPhases = (
				C5F1885BFBC2918808675000 /* [CP] Check Pods Manifest.lock */,
				EC348D9B22AC34F1000C2A46 /* Sources */,
				EC348D9C22AC34F1000C2A46 /* Frameworks */,
				EC348D9D22AC34F1000C2A46 /* Resources */,
			);
			buildRules = (
			);
			dependencies = (
				EC348DA122AC34F1000C2A46 /* PBXTargetDependency */,
			);
			name = GalleryUploadExampleTests;
			productName = GalleryUploadExampleTests;
			productReference = EC348D9F22AC34F1000C2A46 /* GalleryUploadExampleTests.xctest */;
			productType = "com.apple.product-type.bundle.unit-test";
		};
		EC348DA922AC34F1000C2A46 /* GalleryUploadExampleUITests */ = {
			isa = PBXNativeTarget;
			buildConfigurationList = EC348DB922AC34F1000C2A46 /* Build configuration list for PBXNativeTarget "GalleryUploadExampleUITests" */;
			buildPhases = (
				1A274A0DC24EF99BC8A54C45 /* [CP] Check Pods Manifest.lock */,
				EC348DA622AC34F1000C2A46 /* Sources */,
				EC348DA722AC34F1000C2A46 /* Frameworks */,
				EC348DA822AC34F1000C2A46 /* Resources */,
			);
			buildRules = (
			);
			dependencies = (
				EC348DAC22AC34F1000C2A46 /* PBXTargetDependency */,
			);
			name = GalleryUploadExampleUITests;
			productName = GalleryUploadExampleUITests;
			productReference = EC348DAA22AC34F1000C2A46 /* GalleryUploadExampleUITests.xctest */;
			productType = "com.apple.product-type.bundle.ui-testing";
		};
/* End PBXNativeTarget section */

/* Begin PBXProject section */
		EC348D8322AC34F0000C2A46 /* Project object */ = {
			isa = PBXProject;
			attributes = {
				LastSwiftUpdateCheck = 1020;
				LastUpgradeCheck = 1020;
				ORGANIZATIONNAME = "Ahmed Kotb";
				TargetAttributes = {
					EC348D8A22AC34F0000C2A46 = {
						CreatedOnToolsVersion = 10.2;
					};
					EC348D9E22AC34F1000C2A46 = {
						CreatedOnToolsVersion = 10.2;
						TestTargetID = EC348D8A22AC34F0000C2A46;
					};
					EC348DA922AC34F1000C2A46 = {
						CreatedOnToolsVersion = 10.2;
						TestTargetID = EC348D8A22AC34F0000C2A46;
					};
				};
			};
			buildConfigurationList = EC348D8622AC34F0000C2A46 /* Build configuration list for PBXProject "GalleryUploadExample" */;
			compatibilityVersion = "Xcode 9.3";
			developmentRegion = en;
			hasScannedForEncodings = 0;
			knownRegions = (
				en,
				Base,
			);
			mainGroup = EC348D8222AC34F0000C2A46;
			productRefGroup = EC348D8C22AC34F0000C2A46 /* Products */;
			projectDirPath = "";
			projectRoot = "";
			targets = (
				EC348D8A22AC34F0000C2A46 /* GalleryUploadExample */,
				EC348D9E22AC34F1000C2A46 /* GalleryUploadExampleTests */,
				EC348DA922AC34F1000C2A46 /* GalleryUploadExampleUITests */,
			);
		};
/* End PBXProject section */

/* Begin PBXResourcesBuildPhase section */
		EC348D8922AC34F0000C2A46 /* Resources */ = {
			isa = PBXResourcesBuildPhase;
			buildActionMask = 2147483647;
			files = (
				EC348D9922AC34F1000C2A46 /* LaunchScreen.storyboard in Resources */,
				EC348DBF22AC4164000C2A46 /* GoogleService-Info.plist in Resources */,
				EC348D9622AC34F1000C2A46 /* Assets.xcassets in Resources */,
				EC348D9422AC34F0000C2A46 /* Main.storyboard in Resources */,
			);
			runOnlyForDeploymentPostprocessing = 0;
		};
		EC348D9D22AC34F1000C2A46 /* Resources */ = {
			isa = PBXResourcesBuildPhase;
			buildActionMask = 2147483647;
			files = (
			);
			runOnlyForDeploymentPostprocessing = 0;
		};
		EC348DA822AC34F1000C2A46 /* Resources */ = {
			isa = PBXResourcesBuildPhase;
			buildActionMask = 2147483647;
			files = (
			);
			runOnlyForDeploymentPostprocessing = 0;
		};
/* End PBXResourcesBuildPhase section */

/* Begin PBXShellScriptBuildPhase section */
		1A274A0DC24EF99BC8A54C45 /* [CP] Check Pods Manifest.lock */ = {
			isa = PBXShellScriptBuildPhase;
			buildActionMask = 2147483647;
			files = (
			);
			inputPaths = (
				"${PODS_PODFILE_DIR_PATH}/Podfile.lock",
				"${PODS_ROOT}/Manifest.lock",
			);
			name = "[CP] Check Pods Manifest.lock";
			outputPaths = (
				"$(DERIVED_FILE_DIR)/Pods-GalleryUploadExampleUITests-checkManifestLockResult.txt",
			);
			runOnlyForDeploymentPostprocessing = 0;
			shellPath = /bin/sh;
			shellScript = "diff \"${PODS_PODFILE_DIR_PATH}/Podfile.lock\" \"${PODS_ROOT}/Manifest.lock\" > /dev/null\nif [ $? != 0 ] ; then\n    # print error to STDERR\n    echo \"error: The sandbox is not in sync with the Podfile.lock. Run 'pod install' or update your CocoaPods installation.\" >&2\n    exit 1\nfi\n# This output is used by Xcode 'outputs' to avoid re-running this script phase.\necho \"SUCCESS\" > \"${SCRIPT_OUTPUT_FILE_0}\"\n";
			showEnvVarsInLog = 0;
		};
		B1E3950D03F235D146343DDC /* [CP] Check Pods Manifest.lock */ = {
			isa = PBXShellScriptBuildPhase;
			buildActionMask = 2147483647;
			files = (
			);
			inputPaths = (
				"${PODS_PODFILE_DIR_PATH}/Podfile.lock",
				"${PODS_ROOT}/Manifest.lock",
			);
			name = "[CP] Check Pods Manifest.lock";
			outputPaths = (
				"$(DERIVED_FILE_DIR)/Pods-GalleryUploadExample-checkManifestLockResult.txt",
			);
			runOnlyForDeploymentPostprocessing = 0;
			shellPath = /bin/sh;
			shellScript = "diff \"${PODS_PODFILE_DIR_PATH}/Podfile.lock\" \"${PODS_ROOT}/Manifest.lock\" > /dev/null\nif [ $? != 0 ] ; then\n    # print error to STDERR\n    echo \"error: The sandbox is not in sync with the Podfile.lock. Run 'pod install' or update your CocoaPods installation.\" >&2\n    exit 1\nfi\n# This output is used by Xcode 'outputs' to avoid re-running this script phase.\necho \"SUCCESS\" > \"${SCRIPT_OUTPUT_FILE_0}\"\n";
			showEnvVarsInLog = 0;
		};
		C5F1885BFBC2918808675000 /* [CP] Check Pods Manifest.lock */ = {
			isa = PBXShellScriptBuildPhase;
			buildActionMask = 2147483647;
			files = (
			);
			inputPaths = (
				"${PODS_PODFILE_DIR_PATH}/Podfile.lock",
				"${PODS_ROOT}/Manifest.lock",
			);
			name = "[CP] Check Pods Manifest.lock";
			outputPaths = (
				"$(DERIVED_FILE_DIR)/Pods-GalleryUploadExampleTests-checkManifestLockResult.txt",
			);
			runOnlyForDeploymentPostprocessing = 0;
			shellPath = /bin/sh;
			shellScript = "diff \"${PODS_PODFILE_DIR_PATH}/Podfile.lock\" \"${PODS_ROOT}/Manifest.lock\" > /dev/null\nif [ $? != 0 ] ; then\n    # print error to STDERR\n    echo \"error: The sandbox is not in sync with the Podfile.lock. Run 'pod install' or update your CocoaPods installation.\" >&2\n    exit 1\nfi\n# This output is used by Xcode 'outputs' to avoid re-running this script phase.\necho \"SUCCESS\" > \"${SCRIPT_OUTPUT_FILE_0}\"\n";
			showEnvVarsInLog = 0;
		};
		EB1D89DCDAD69D92933140FD /* [CP] Embed Pods Frameworks */ = {
			isa = PBXShellScriptBuildPhase;
			buildActionMask = 2147483647;
			files = (
			);
			inputPaths = (
				"${SRCROOT}/Pods/Target Support Files/Pods-GalleryUploadExample/Pods-GalleryUploadExample-frameworks.sh",
				"${BUILT_PRODUCTS_DIR}/GTMSessionFetcher/GTMSessionFetcher.framework",
				"${BUILT_PRODUCTS_DIR}/GoogleUtilities/GoogleUtilities.framework",
				"${BUILT_PRODUCTS_DIR}/leveldb-library/leveldb.framework",
				"${BUILT_PRODUCTS_DIR}/nanopb/nanopb.framework",
			);
			name = "[CP] Embed Pods Frameworks";
			outputPaths = (
				"${TARGET_BUILD_DIR}/${FRAMEWORKS_FOLDER_PATH}/GTMSessionFetcher.framework",
				"${TARGET_BUILD_DIR}/${FRAMEWORKS_FOLDER_PATH}/GoogleUtilities.framework",
				"${TARGET_BUILD_DIR}/${FRAMEWORKS_FOLDER_PATH}/leveldb.framework",
				"${TARGET_BUILD_DIR}/${FRAMEWORKS_FOLDER_PATH}/nanopb.framework",
			);
			runOnlyForDeploymentPostprocessing = 0;
			shellPath = /bin/sh;
			shellScript = "\"${SRCROOT}/Pods/Target Support Files/Pods-GalleryUploadExample/Pods-GalleryUploadExample-frameworks.sh\"\n";
			showEnvVarsInLog = 0;
		};
/* End PBXShellScriptBuildPhase section */

/* Begin PBXSourcesBuildPhase section */
		EC348D8722AC34F0000C2A46 /* Sources */ = {
			isa = PBXSourcesBuildPhase;
			buildActionMask = 2147483647;
			files = (
				EC348D9122AC34F0000C2A46 /* ViewController.swift in Sources */,
				EC348DC122AC4768000C2A46 /* GalleryViewModel.swift in Sources */,
				EC348DBD22AC3757000C2A46 /* ConnectionManager.swift in Sources */,
				EC348DC522AC57BC000C2A46 /* GalleryViewController.swift in Sources */,
				EC348DC322AC479F000C2A46 /* GalleryPickerView.swift in Sources */,
				EC348DC922AC6DD2000C2A46 /* GalleryCollectionViewCell.swift in Sources */,
				EC348D8F22AC34F0000C2A46 /* AppDelegate.swift in Sources */,
			);
			runOnlyForDeploymentPostprocessing = 0;
		};
		EC348D9B22AC34F1000C2A46 /* Sources */ = {
			isa = PBXSourcesBuildPhase;
			buildActionMask = 2147483647;
			files = (
				EC348DA422AC34F1000C2A46 /* GalleryUploadExampleTests.swift in Sources */,
			);
			runOnlyForDeploymentPostprocessing = 0;
		};
		EC348DA622AC34F1000C2A46 /* Sources */ = {
			isa = PBXSourcesBuildPhase;
			buildActionMask = 2147483647;
			files = (
				EC348DAF22AC34F1000C2A46 /* GalleryUploadExampleUITests.swift in Sources */,
			);
			runOnlyForDeploymentPostprocessing = 0;
		};
/* End PBXSourcesBuildPhase section */

/* Begin PBXTargetDependency section */
		EC348DA122AC34F1000C2A46 /* PBXTargetDependency */ = {
			isa = PBXTargetDependency;
			target = EC348D8A22AC34F0000C2A46 /* GalleryUploadExample */;
			targetProxy = EC348DA022AC34F1000C2A46 /* PBXContainerItemProxy */;
		};
		EC348DAC22AC34F1000C2A46 /* PBXTargetDependency */ = {
			isa = PBXTargetDependency;
			target = EC348D8A22AC34F0000C2A46 /* GalleryUploadExample */;
			targetProxy = EC348DAB22AC34F1000C2A46 /* PBXContainerItemProxy */;
		};
/* End PBXTargetDependency section */

/* Begin PBXVariantGroup section */
		EC348D9222AC34F0000C2A46 /* Main.storyboard */ = {
			isa = PBXVariantGroup;
			children = (
				EC348D9322AC34F0000C2A46 /* Base */,
			);
			name = Main.storyboard;
			sourceTree = "<group>";
		};
		EC348D9722AC34F1000C2A46 /* LaunchScreen.storyboard */ = {
			isa = PBXVariantGroup;
			children = (
				EC348D9822AC34F1000C2A46 /* Base */,
			);
			name = LaunchScreen.storyboard;
			sourceTree = "<group>";
		};
/* End PBXVariantGroup section */

/* Begin XCBuildConfiguration section */
		EC348DB122AC34F1000C2A46 /* Debug */ = {
			isa = XCBuildConfiguration;
			buildSettings = {
				ALWAYS_SEARCH_USER_PATHS = NO;
				CLANG_ANALYZER_NONNULL = YES;
				CLANG_ANALYZER_NUMBER_OBJECT_CONVERSION = YES_AGGRESSIVE;
				CLANG_CXX_LANGUAGE_STANDARD = "gnu++14";
				CLANG_CXX_LIBRARY = "libc++";
				CLANG_ENABLE_MODULES = YES;
				CLANG_ENABLE_OBJC_ARC = YES;
				CLANG_ENABLE_OBJC_WEAK = YES;
				CLANG_WARN_BLOCK_CAPTURE_AUTORELEASING = YES;
				CLANG_WARN_BOOL_CONVERSION = YES;
				CLANG_WARN_COMMA = YES;
				CLANG_WARN_CONSTANT_CONVERSION = YES;
				CLANG_WARN_DEPRECATED_OBJC_IMPLEMENTATIONS = YES;
				CLANG_WARN_DIRECT_OBJC_ISA_USAGE = YES_ERROR;
				CLANG_WARN_DOCUMENTATION_COMMENTS = YES;
				CLANG_WARN_EMPTY_BODY = YES;
				CLANG_WARN_ENUM_CONVERSION = YES;
				CLANG_WARN_INFINITE_RECURSION = YES;
				CLANG_WARN_INT_CONVERSION = YES;
				CLANG_WARN_NON_LITERAL_NULL_CONVERSION = YES;
				CLANG_WARN_OBJC_IMPLICIT_RETAIN_SELF = YES;
				CLANG_WARN_OBJC_LITERAL_CONVERSION = YES;
				CLANG_WARN_OBJC_ROOT_CLASS = YES_ERROR;
				CLANG_WARN_RANGE_LOOP_ANALYSIS = YES;
				CLANG_WARN_STRICT_PROTOTYPES = YES;
				CLANG_WARN_SUSPICIOUS_MOVE = YES;
				CLANG_WARN_UNGUARDED_AVAILABILITY = YES_AGGRESSIVE;
				CLANG_WARN_UNREACHABLE_CODE = YES;
				CLANG_WARN__DUPLICATE_METHOD_MATCH = YES;
				CODE_SIGN_IDENTITY = "iPhone Developer";
				COPY_PHASE_STRIP = NO;
				DEBUG_INFORMATION_FORMAT = dwarf;
				ENABLE_STRICT_OBJC_MSGSEND = YES;
				ENABLE_TESTABILITY = YES;
				GCC_C_LANGUAGE_STANDARD = gnu11;
				GCC_DYNAMIC_NO_PIC = NO;
				GCC_NO_COMMON_BLOCKS = YES;
				GCC_OPTIMIZATION_LEVEL = 0;
				GCC_PREPROCESSOR_DEFINITIONS = (
					"DEBUG=1",
					"$(inherited)",
				);
				GCC_WARN_64_TO_32_BIT_CONVERSION = YES;
				GCC_WARN_ABOUT_RETURN_TYPE = YES_ERROR;
				GCC_WARN_UNDECLARED_SELECTOR = YES;
				GCC_WARN_UNINITIALIZED_AUTOS = YES_AGGRESSIVE;
				GCC_WARN_UNUSED_FUNCTION = YES;
				GCC_WARN_UNUSED_VARIABLE = YES;
				IPHONEOS_DEPLOYMENT_TARGET = 12.2;
				MTL_ENABLE_DEBUG_INFO = INCLUDE_SOURCE;
				MTL_FAST_MATH = YES;
				ONLY_ACTIVE_ARCH = YES;
				SDKROOT = iphoneos;
				SWIFT_ACTIVE_COMPILATION_CONDITIONS = DEBUG;
				SWIFT_OPTIMIZATION_LEVEL = "-Onone";
			};
			name = Debug;
		};
		EC348DB222AC34F1000C2A46 /* Release */ = {
			isa = XCBuildConfiguration;
			buildSettings = {
				ALWAYS_SEARCH_USER_PATHS = NO;
				CLANG_ANALYZER_NONNULL = YES;
				CLANG_ANALYZER_NUMBER_OBJECT_CONVERSION = YES_AGGRESSIVE;
				CLANG_CXX_LANGUAGE_STANDARD = "gnu++14";
				CLANG_CXX_LIBRARY = "libc++";
				CLANG_ENABLE_MODULES = YES;
				CLANG_ENABLE_OBJC_ARC = YES;
				CLANG_ENABLE_OBJC_WEAK = YES;
				CLANG_WARN_BLOCK_CAPTURE_AUTORELEASING = YES;
				CLANG_WARN_BOOL_CONVERSION = YES;
				CLANG_WARN_COMMA = YES;
				CLANG_WARN_CONSTANT_CONVERSION = YES;
				CLANG_WARN_DEPRECATED_OBJC_IMPLEMENTATIONS = YES;
				CLANG_WARN_DIRECT_OBJC_ISA_USAGE = YES_ERROR;
				CLANG_WARN_DOCUMENTATION_COMMENTS = YES;
				CLANG_WARN_EMPTY_BODY = YES;
				CLANG_WARN_ENUM_CONVERSION = YES;
				CLANG_WARN_INFINITE_RECURSION = YES;
				CLANG_WARN_INT_CONVERSION = YES;
				CLANG_WARN_NON_LITERAL_NULL_CONVERSION = YES;
				CLANG_WARN_OBJC_IMPLICIT_RETAIN_SELF = YES;
				CLANG_WARN_OBJC_LITERAL_CONVERSION = YES;
				CLANG_WARN_OBJC_ROOT_CLASS = YES_ERROR;
				CLANG_WARN_RANGE_LOOP_ANALYSIS = YES;
				CLANG_WARN_STRICT_PROTOTYPES = YES;
				CLANG_WARN_SUSPICIOUS_MOVE = YES;
				CLANG_WARN_UNGUARDED_AVAILABILITY = YES_AGGRESSIVE;
				CLANG_WARN_UNREACHABLE_CODE = YES;
				CLANG_WARN__DUPLICATE_METHOD_MATCH = YES;
				CODE_SIGN_IDENTITY = "iPhone Developer";
				COPY_PHASE_STRIP = NO;
				DEBUG_INFORMATION_FORMAT = "dwarf-with-dsym";
				ENABLE_NS_ASSERTIONS = NO;
				ENABLE_STRICT_OBJC_MSGSEND = YES;
				GCC_C_LANGUAGE_STANDARD = gnu11;
				GCC_NO_COMMON_BLOCKS = YES;
				GCC_WARN_64_TO_32_BIT_CONVERSION = YES;
				GCC_WARN_ABOUT_RETURN_TYPE = YES_ERROR;
				GCC_WARN_UNDECLARED_SELECTOR = YES;
				GCC_WARN_UNINITIALIZED_AUTOS = YES_AGGRESSIVE;
				GCC_WARN_UNUSED_FUNCTION = YES;
				GCC_WARN_UNUSED_VARIABLE = YES;
				IPHONEOS_DEPLOYMENT_TARGET = 12.2;
				MTL_ENABLE_DEBUG_INFO = NO;
				MTL_FAST_MATH = YES;
				SDKROOT = iphoneos;
				SWIFT_COMPILATION_MODE = wholemodule;
				SWIFT_OPTIMIZATION_LEVEL = "-O";
				VALIDATE_PRODUCT = YES;
			};
			name = Release;
		};
		EC348DB422AC34F1000C2A46 /* Debug */ = {
			isa = XCBuildConfiguration;
			baseConfigurationReference = 1C6CC28B2C4E82AE8FBF95C6 /* Pods-GalleryUploadExample.debug.xcconfig */;
			buildSettings = {
				ASSETCATALOG_COMPILER_APPICON_NAME = AppIcon;
				CODE_SIGN_STYLE = Automatic;
				INFOPLIST_FILE = GalleryUploadExample/Info.plist;
				LD_RUNPATH_SEARCH_PATHS = (
					"$(inherited)",
					"@executable_path/Frameworks",
				);
				PRODUCT_BUNDLE_IDENTIFIER = Kotb.GalleryUploadExample;
				PRODUCT_NAME = "$(TARGET_NAME)";
				SWIFT_VERSION = 5.0;
				TARGETED_DEVICE_FAMILY = "1,2";
			};
			name = Debug;
		};
		EC348DB522AC34F1000C2A46 /* Release */ = {
			isa = XCBuildConfiguration;
			baseConfigurationReference = E4376A240E418F6F5FC17CE9 /* Pods-GalleryUploadExample.release.xcconfig */;
			buildSettings = {
				ASSETCATALOG_COMPILER_APPICON_NAME = AppIcon;
				CODE_SIGN_STYLE = Automatic;
				INFOPLIST_FILE = GalleryUploadExample/Info.plist;
				LD_RUNPATH_SEARCH_PATHS = (
					"$(inherited)",
					"@executable_path/Frameworks",
				);
				PRODUCT_BUNDLE_IDENTIFIER = Kotb.GalleryUploadExample;
				PRODUCT_NAME = "$(TARGET_NAME)";
				SWIFT_VERSION = 5.0;
				TARGETED_DEVICE_FAMILY = "1,2";
			};
			name = Release;
		};
		EC348DB722AC34F1000C2A46 /* Debug */ = {
			isa = XCBuildConfiguration;
			baseConfigurationReference = 45B107A839486C1007DDA784 /* Pods-GalleryUploadExampleTests.debug.xcconfig */;
			buildSettings = {
				ALWAYS_EMBED_SWIFT_STANDARD_LIBRARIES = YES;
				BUNDLE_LOADER = "$(TEST_HOST)";
				CODE_SIGN_STYLE = Automatic;
				INFOPLIST_FILE = GalleryUploadExampleTests/Info.plist;
				LD_RUNPATH_SEARCH_PATHS = (
					"$(inherited)",
					"@executable_path/Frameworks",
					"@loader_path/Frameworks",
				);
				PRODUCT_BUNDLE_IDENTIFIER = Kotb.GalleryUploadExampleTests;
				PRODUCT_NAME = "$(TARGET_NAME)";
				SWIFT_VERSION = 5.0;
				TARGETED_DEVICE_FAMILY = "1,2";
				TEST_HOST = "$(BUILT_PRODUCTS_DIR)/GalleryUploadExample.app/GalleryUploadExample";
			};
			name = Debug;
		};
		EC348DB822AC34F1000C2A46 /* Release */ = {
			isa = XCBuildConfiguration;
			baseConfigurationReference = 9CA016BCC50C2A44BFCCD510 /* Pods-GalleryUploadExampleTests.release.xcconfig */;
			buildSettings = {
				ALWAYS_EMBED_SWIFT_STANDARD_LIBRARIES = YES;
				BUNDLE_LOADER = "$(TEST_HOST)";
				CODE_SIGN_STYLE = Automatic;
				INFOPLIST_FILE = GalleryUploadExampleTests/Info.plist;
				LD_RUNPATH_SEARCH_PATHS = (
					"$(inherited)",
					"@executable_path/Frameworks",
					"@loader_path/Frameworks",
				);
				PRODUCT_BUNDLE_IDENTIFIER = Kotb.GalleryUploadExampleTests;
				PRODUCT_NAME = "$(TARGET_NAME)";
				SWIFT_VERSION = 5.0;
				TARGETED_DEVICE_FAMILY = "1,2";
				TEST_HOST = "$(BUILT_PRODUCTS_DIR)/GalleryUploadExample.app/GalleryUploadExample";
			};
			name = Release;
		};
		EC348DBA22AC34F1000C2A46 /* Debug */ = {
			isa = XCBuildConfiguration;
			baseConfigurationReference = 9CC0911912C45BE5BE6FAB66 /* Pods-GalleryUploadExampleUITests.debug.xcconfig */;
			buildSettings = {
				ALWAYS_EMBED_SWIFT_STANDARD_LIBRARIES = YES;
				CODE_SIGN_STYLE = Automatic;
				INFOPLIST_FILE = GalleryUploadExampleUITests/Info.plist;
				LD_RUNPATH_SEARCH_PATHS = (
					"$(inherited)",
					"@executable_path/Frameworks",
					"@loader_path/Frameworks",
				);
				PRODUCT_BUNDLE_IDENTIFIER = Kotb.GalleryUploadExampleUITests;
				PRODUCT_NAME = "$(TARGET_NAME)";
				SWIFT_VERSION = 5.0;
				TARGETED_DEVICE_FAMILY = "1,2";
				TEST_TARGET_NAME = GalleryUploadExample;
			};
			name = Debug;
		};
		EC348DBB22AC34F1000C2A46 /* Release */ = {
			isa = XCBuildConfiguration;
			baseConfigurationReference = CE409196080D84A54236C2D8 /* Pods-GalleryUploadExampleUITests.release.xcconfig */;
			buildSettings = {
				ALWAYS_EMBED_SWIFT_STANDARD_LIBRARIES = YES;
				CODE_SIGN_STYLE = Automatic;
				INFOPLIST_FILE = GalleryUploadExampleUITests/Info.plist;
				LD_RUNPATH_SEARCH_PATHS = (
					"$(inherited)",
					"@executable_path/Frameworks",
					"@loader_path/Frameworks",
				);
				PRODUCT_BUNDLE_IDENTIFIER = Kotb.GalleryUploadExampleUITests;
				PRODUCT_NAME = "$(TARGET_NAME)";
				SWIFT_VERSION = 5.0;
				TARGETED_DEVICE_FAMILY = "1,2";
				TEST_TARGET_NAME = GalleryUploadExample;
			};
			name = Release;
		};
/* End XCBuildConfiguration section */

/* Begin XCConfigurationList section */
		EC348D8622AC34F0000C2A46 /* Build configuration list for PBXProject "GalleryUploadExample" */ = {
			isa = XCConfigurationList;
			buildConfigurations = (
				EC348DB122AC34F1000C2A46 /* Debug */,
				EC348DB222AC34F1000C2A46 /* Release */,
			);
			defaultConfigurationIsVisible = 0;
			defaultConfigurationName = Release;
		};
		EC348DB322AC34F1000C2A46 /* Build configuration list for PBXNativeTarget "GalleryUploadExample" */ = {
			isa = XCConfigurationList;
			buildConfigurations = (
				EC348DB422AC34F1000C2A46 /* Debug */,
				EC348DB522AC34F1000C2A46 /* Release */,
			);
			defaultConfigurationIsVisible = 0;
			defaultConfigurationName = Release;
		};
		EC348DB622AC34F1000C2A46 /* Build configuration list for PBXNativeTarget "GalleryUploadExampleTests" */ = {
			isa = XCConfigurationList;
			buildConfigurations = (
				EC348DB722AC34F1000C2A46 /* Debug */,
				EC348DB822AC34F1000C2A46 /* Release */,
			);
			defaultConfigurationIsVisible = 0;
			defaultConfigurationName = Release;
		};
		EC348DB922AC34F1000C2A46 /* Build configuration list for PBXNativeTarget "GalleryUploadExampleUITests" */ = {
			isa = XCConfigurationList;
			buildConfigurations = (
				EC348DBA22AC34F1000C2A46 /* Debug */,
				EC348DBB22AC34F1000C2A46 /* Release */,
			);
			defaultConfigurationIsVisible = 0;
			defaultConfigurationName = Release;
		};
/* End XCConfigurationList section */
	};
	rootObject = EC348D8322AC34F0000C2A46 /* Project object */;
}
